// !$*UTF8*$!
{
	archiveVersion = 1;
	classes = {
	};
	objectVersion = 56;
	objects = {

/* Begin PBXBuildFile section */
		EC3D1AC229817E130086C686 /* Alert.swift in Sources */ = {isa = PBXBuildFile; fileRef = EC3D1AC129817E130086C686 /* Alert.swift */; };
		EC3D1AC52981BEC50086C686 /* RegisterViewModel.swift in Sources */ = {isa = PBXBuildFile; fileRef = EC3D1AC42981BEC50086C686 /* RegisterViewModel.swift */; };
		EC3D1AC72982F5440086C686 /* AuthenticationService.swift in Sources */ = {isa = PBXBuildFile; fileRef = EC3D1AC62982F5440086C686 /* AuthenticationService.swift */; };
		EC3D1AC9298313F20086C686 /* HomeViewController.swift in Sources */ = {isa = PBXBuildFile; fileRef = EC3D1AC8298313F20086C686 /* HomeViewController.swift */; };
		EC3D1ACC2983D3C10086C686 /* JGProgressHUD in Frameworks */ = {isa = PBXBuildFile; productRef = EC3D1ACB2983D3C10086C686 /* JGProgressHUD */; };
		EC3D1ACF298466280086C686 /* ContainerViewController.swift in Sources */ = {isa = PBXBuildFile; fileRef = EC3D1ACE298466280086C686 /* ContainerViewController.swift */; };
		EC3D1AD1298466690086C686 /* MessageViewController.swift in Sources */ = {isa = PBXBuildFile; fileRef = EC3D1AD0298466690086C686 /* MessageViewController.swift */; };
		EC3D1AD32984669B0086C686 /* NewMessageViewController.swift in Sources */ = {isa = PBXBuildFile; fileRef = EC3D1AD22984669B0086C686 /* NewMessageViewController.swift */; };
		EC3D1AD5298512AA0086C686 /* UserCell.swift in Sources */ = {isa = PBXBuildFile; fileRef = EC3D1AD4298512A90086C686 /* UserCell.swift */; };
		EC3D1AD72985A1470086C686 /* User.swift in Sources */ = {isa = PBXBuildFile; fileRef = EC3D1AD62985A1470086C686 /* User.swift */; };
		EC3D1AD92985ABA20086C686 /* Service.swift in Sources */ = {isa = PBXBuildFile; fileRef = EC3D1AD82985ABA20086C686 /* Service.swift */; };
		EC3D1ADC2985C7E00086C686 /* SDWebImage in Frameworks */ = {isa = PBXBuildFile; productRef = EC3D1ADB2985C7E00086C686 /* SDWebImage */; };
		EC3D1ADE2986B6B00086C686 /* ChatViewController.swift in Sources */ = {isa = PBXBuildFile; fileRef = EC3D1ADD2986B6B00086C686 /* ChatViewController.swift */; };
		EC3D1AE029870FD60086C686 /* ChatInputView.swift in Sources */ = {isa = PBXBuildFile; fileRef = EC3D1ADF29870FD60086C686 /* ChatInputView.swift */; };
		EC3D1AE229882EAB0086C686 /* NewMessageCell.swift in Sources */ = {isa = PBXBuildFile; fileRef = EC3D1AE129882EAB0086C686 /* NewMessageCell.swift */; };
		ECB5D14729942F140098FBCA /* SnapKit in Frameworks */ = {isa = PBXBuildFile; productRef = ECB5D14629942F140098FBCA /* SnapKit */; };
		ECB5D149299526500098FBCA /* MessageCell.swift in Sources */ = {isa = PBXBuildFile; fileRef = ECB5D148299526500098FBCA /* MessageCell.swift */; };
		ECB5D14D29957F200098FBCA /* MessageViewModel.swift in Sources */ = {isa = PBXBuildFile; fileRef = ECB5D14C29957F200098FBCA /* MessageViewModel.swift */; };
		ECB8F11329899A840054C40E /* Message.swift in Sources */ = {isa = PBXBuildFile; fileRef = ECB8F11229899A840054C40E /* Message.swift */; };
		ECB8F115298A89280054C40E /* NewMessageViewModel.swift in Sources */ = {isa = PBXBuildFile; fileRef = ECB8F114298A89280054C40E /* NewMessageViewModel.swift */; };
		ECBC393E297D85310074D08C /* RegisterViewController.swift in Sources */ = {isa = PBXBuildFile; fileRef = ECBC393D297D85310074D08C /* RegisterViewController.swift */; };
		ECBC3940297DB2800074D08C /* GoogleService-Info.plist in Resources */ = {isa = PBXBuildFile; fileRef = ECBC393F297DB2800074D08C /* GoogleService-Info.plist */; };
		ECBC3943297DB5300074D08C /* FirebaseAuth in Frameworks */ = {isa = PBXBuildFile; productRef = ECBC3942297DB5300074D08C /* FirebaseAuth */; };
		ECBC3945297DB5300074D08C /* FirebaseFirestore in Frameworks */ = {isa = PBXBuildFile; productRef = ECBC3944297DB5300074D08C /* FirebaseFirestore */; };
		ECBC3947297DB5300074D08C /* FirebaseStorage in Frameworks */ = {isa = PBXBuildFile; productRef = ECBC3946297DB5300074D08C /* FirebaseStorage */; };
		ECBD855F298C48EC003C0A49 /* ProfileView.swift in Sources */ = {isa = PBXBuildFile; fileRef = ECBD855E298C48EC003C0A49 /* ProfileView.swift */; };
		ECC5F295297C2D7D003E3C05 /* CustomTextField.swift in Sources */ = {isa = PBXBuildFile; fileRef = ECC5F294297C2D7D003E3C05 /* CustomTextField.swift */; };
		ECC5F297297C33C3003E3C05 /* AuthenticationInputView.swift in Sources */ = {isa = PBXBuildFile; fileRef = ECC5F296297C33C3003E3C05 /* AuthenticationInputView.swift */; };
		ECC5F299297D5018003E3C05 /* LoginViewModel.swift in Sources */ = {isa = PBXBuildFile; fileRef = ECC5F298297D5018003E3C05 /* LoginViewModel.swift */; };
		ECFE1905296ED0700012D1B8 /* AppDelegate.swift in Sources */ = {isa = PBXBuildFile; fileRef = ECFE1904296ED0700012D1B8 /* AppDelegate.swift */; };
		ECFE1907296ED0700012D1B8 /* SceneDelegate.swift in Sources */ = {isa = PBXBuildFile; fileRef = ECFE1906296ED0700012D1B8 /* SceneDelegate.swift */; };
		ECFE1909296ED0700012D1B8 /* LoginViewController.swift in Sources */ = {isa = PBXBuildFile; fileRef = ECFE1908296ED0700012D1B8 /* LoginViewController.swift */; };
		ECFE190E296ED0720012D1B8 /* Assets.xcassets in Resources */ = {isa = PBXBuildFile; fileRef = ECFE190D296ED0720012D1B8 /* Assets.xcassets */; };
		ECFE1911296ED0720012D1B8 /* LaunchScreen.storyboard in Resources */ = {isa = PBXBuildFile; fileRef = ECFE190F296ED0720012D1B8 /* LaunchScreen.storyboard */; };
		ECFE1920296EDF220012D1B8 /* Extension.swift in Sources */ = {isa = PBXBuildFile; fileRef = ECFE191F296EDF220012D1B8 /* Extension.swift */; };
/* End PBXBuildFile section */

/* Begin PBXFileReference section */
		EC3D1AC129817E130086C686 /* Alert.swift */ = {isa = PBXFileReference; lastKnownFileType = sourcecode.swift; path = Alert.swift; sourceTree = "<group>"; };
		EC3D1AC42981BEC50086C686 /* RegisterViewModel.swift */ = {isa = PBXFileReference; lastKnownFileType = sourcecode.swift; path = RegisterViewModel.swift; sourceTree = "<group>"; };
		EC3D1AC62982F5440086C686 /* AuthenticationService.swift */ = {isa = PBXFileReference; lastKnownFileType = sourcecode.swift; path = AuthenticationService.swift; sourceTree = "<group>"; };
		EC3D1AC8298313F20086C686 /* HomeViewController.swift */ = {isa = PBXFileReference; lastKnownFileType = sourcecode.swift; path = HomeViewController.swift; sourceTree = "<group>"; };
		EC3D1ACE298466280086C686 /* ContainerViewController.swift */ = {isa = PBXFileReference; lastKnownFileType = sourcecode.swift; path = ContainerViewController.swift; sourceTree = "<group>"; };
		EC3D1AD0298466690086C686 /* MessageViewController.swift */ = {isa = PBXFileReference; lastKnownFileType = sourcecode.swift; path = MessageViewController.swift; sourceTree = "<group>"; };
		EC3D1AD22984669B0086C686 /* NewMessageViewController.swift */ = {isa = PBXFileReference; lastKnownFileType = sourcecode.swift; path = NewMessageViewController.swift; sourceTree = "<group>"; };
		EC3D1AD4298512A90086C686 /* UserCell.swift */ = {isa = PBXFileReference; lastKnownFileType = sourcecode.swift; path = UserCell.swift; sourceTree = "<group>"; };
		EC3D1AD62985A1470086C686 /* User.swift */ = {isa = PBXFileReference; lastKnownFileType = sourcecode.swift; path = User.swift; sourceTree = "<group>"; };
		EC3D1AD82985ABA20086C686 /* Service.swift */ = {isa = PBXFileReference; lastKnownFileType = sourcecode.swift; path = Service.swift; sourceTree = "<group>"; };
		EC3D1ADD2986B6B00086C686 /* ChatViewController.swift */ = {isa = PBXFileReference; lastKnownFileType = sourcecode.swift; path = ChatViewController.swift; sourceTree = "<group>"; };
		EC3D1ADF29870FD60086C686 /* ChatInputView.swift */ = {isa = PBXFileReference; lastKnownFileType = sourcecode.swift; path = ChatInputView.swift; sourceTree = "<group>"; };
		EC3D1AE129882EAB0086C686 /* NewMessageCell.swift */ = {isa = PBXFileReference; lastKnownFileType = sourcecode.swift; path = NewMessageCell.swift; sourceTree = "<group>"; };
		ECB5D148299526500098FBCA /* MessageCell.swift */ = {isa = PBXFileReference; lastKnownFileType = sourcecode.swift; path = MessageCell.swift; sourceTree = "<group>"; };
		ECB5D14C29957F200098FBCA /* MessageViewModel.swift */ = {isa = PBXFileReference; lastKnownFileType = sourcecode.swift; path = MessageViewModel.swift; sourceTree = "<group>"; };
		ECB8F11229899A840054C40E /* Message.swift */ = {isa = PBXFileReference; lastKnownFileType = sourcecode.swift; path = Message.swift; sourceTree = "<group>"; };
		ECB8F114298A89280054C40E /* NewMessageViewModel.swift */ = {isa = PBXFileReference; lastKnownFileType = sourcecode.swift; path = NewMessageViewModel.swift; sourceTree = "<group>"; };
		ECBC393D297D85310074D08C /* RegisterViewController.swift */ = {isa = PBXFileReference; lastKnownFileType = sourcecode.swift; path = RegisterViewController.swift; sourceTree = "<group>"; };
		ECBC393F297DB2800074D08C /* GoogleService-Info.plist */ = {isa = PBXFileReference; fileEncoding = 4; lastKnownFileType = text.plist.xml; path = "GoogleService-Info.plist"; sourceTree = "<group>"; };
		ECBD855E298C48EC003C0A49 /* ProfileView.swift */ = {isa = PBXFileReference; lastKnownFileType = sourcecode.swift; path = ProfileView.swift; sourceTree = "<group>"; };
		ECC5F294297C2D7D003E3C05 /* CustomTextField.swift */ = {isa = PBXFileReference; lastKnownFileType = sourcecode.swift; path = CustomTextField.swift; sourceTree = "<group>"; };
		ECC5F296297C33C3003E3C05 /* AuthenticationInputView.swift */ = {isa = PBXFileReference; lastKnownFileType = sourcecode.swift; path = AuthenticationInputView.swift; sourceTree = "<group>"; };
		ECC5F298297D5018003E3C05 /* LoginViewModel.swift */ = {isa = PBXFileReference; lastKnownFileType = sourcecode.swift; path = LoginViewModel.swift; sourceTree = "<group>"; };
		ECFE1901296ED0700012D1B8 /* ChatsApp.app */ = {isa = PBXFileReference; explicitFileType = wrapper.application; includeInIndex = 0; path = ChatsApp.app; sourceTree = BUILT_PRODUCTS_DIR; };
		ECFE1904296ED0700012D1B8 /* AppDelegate.swift */ = {isa = PBXFileReference; lastKnownFileType = sourcecode.swift; path = AppDelegate.swift; sourceTree = "<group>"; };
		ECFE1906296ED0700012D1B8 /* SceneDelegate.swift */ = {isa = PBXFileReference; lastKnownFileType = sourcecode.swift; path = SceneDelegate.swift; sourceTree = "<group>"; };
		ECFE1908296ED0700012D1B8 /* LoginViewController.swift */ = {isa = PBXFileReference; lastKnownFileType = sourcecode.swift; path = LoginViewController.swift; sourceTree = "<group>"; };
		ECFE190D296ED0720012D1B8 /* Assets.xcassets */ = {isa = PBXFileReference; lastKnownFileType = folder.assetcatalog; path = Assets.xcassets; sourceTree = "<group>"; };
		ECFE1910296ED0720012D1B8 /* Base */ = {isa = PBXFileReference; lastKnownFileType = file.storyboard; name = Base; path = Base.lproj/LaunchScreen.storyboard; sourceTree = "<group>"; };
		ECFE1912296ED0720012D1B8 /* Info.plist */ = {isa = PBXFileReference; lastKnownFileType = text.plist.xml; path = Info.plist; sourceTree = "<group>"; };
		ECFE191F296EDF220012D1B8 /* Extension.swift */ = {isa = PBXFileReference; lastKnownFileType = sourcecode.swift; path = Extension.swift; sourceTree = "<group>"; };
/* End PBXFileReference section */

/* Begin PBXFrameworksBuildPhase section */
		ECFE18FE296ED0700012D1B8 /* Frameworks */ = {
			isa = PBXFrameworksBuildPhase;
			buildActionMask = 2147483647;
			files = (
				EC3D1ACC2983D3C10086C686 /* JGProgressHUD in Frameworks */,
				ECBC3943297DB5300074D08C /* FirebaseAuth in Frameworks */,
				ECBC3945297DB5300074D08C /* FirebaseFirestore in Frameworks */,
				ECB5D14729942F140098FBCA /* SnapKit in Frameworks */,
				ECBC3947297DB5300074D08C /* FirebaseStorage in Frameworks */,
				EC3D1ADC2985C7E00086C686 /* SDWebImage in Frameworks */,
			);
			runOnlyForDeploymentPostprocessing = 0;
		};
/* End PBXFrameworksBuildPhase section */

/* Begin PBXGroup section */
		ECFE18F8296ED0700012D1B8 = {
			isa = PBXGroup;
			children = (
				ECFE1903296ED0700012D1B8 /* ChatsApp */,
				ECFE1902296ED0700012D1B8 /* Products */,
			);
			sourceTree = "<group>";
		};
		ECFE1902296ED0700012D1B8 /* Products */ = {
			isa = PBXGroup;
			children = (
				ECFE1901296ED0700012D1B8 /* ChatsApp.app */,
			);
			name = Products;
			sourceTree = "<group>";
		};
		ECFE1903296ED0700012D1B8 /* ChatsApp */ = {
			isa = PBXGroup;
			children = (
				ECFE191E296ED2980012D1B8 /* Utils */,
				ECFE191D296ED27B0012D1B8 /* Service */,
				ECFE191C296ED2510012D1B8 /* ViewModel */,
				ECFE191B296ED24A0012D1B8 /* Model */,
				ECFE191A296ED2460012D1B8 /* View */,
				ECFE1919296ED2340012D1B8 /* Controller */,
				ECFE1918296ED0F10012D1B8 /* SupportingFiles */,
			);
			path = ChatsApp;
			sourceTree = "<group>";
		};
		ECFE1918296ED0F10012D1B8 /* SupportingFiles */ = {
			isa = PBXGroup;
			children = (
				ECFE1904296ED0700012D1B8 /* AppDelegate.swift */,
				ECFE1906296ED0700012D1B8 /* SceneDelegate.swift */,
				ECFE190D296ED0720012D1B8 /* Assets.xcassets */,
				ECBC393F297DB2800074D08C /* GoogleService-Info.plist */,
				ECFE1912296ED0720012D1B8 /* Info.plist */,
				ECFE190F296ED0720012D1B8 /* LaunchScreen.storyboard */,
			);
			path = SupportingFiles;
			sourceTree = "<group>";
		};
		ECFE1919296ED2340012D1B8 /* Controller */ = {
			isa = PBXGroup;
			children = (
				ECFE1908296ED0700012D1B8 /* LoginViewController.swift */,
				ECBC393D297D85310074D08C /* RegisterViewController.swift */,
				EC3D1AC8298313F20086C686 /* HomeViewController.swift */,
				EC3D1ACE298466280086C686 /* ContainerViewController.swift */,
				EC3D1AD0298466690086C686 /* MessageViewController.swift */,
				EC3D1AD22984669B0086C686 /* NewMessageViewController.swift */,
				EC3D1ADD2986B6B00086C686 /* ChatViewController.swift */,
			);
			path = Controller;
			sourceTree = "<group>";
		};
		ECFE191A296ED2460012D1B8 /* View */ = {
			isa = PBXGroup;
			children = (
				ECC5F294297C2D7D003E3C05 /* CustomTextField.swift */,
				ECC5F296297C33C3003E3C05 /* AuthenticationInputView.swift */,
				EC3D1AD4298512A90086C686 /* UserCell.swift */,
				EC3D1ADF29870FD60086C686 /* ChatInputView.swift */,
				EC3D1AE129882EAB0086C686 /* NewMessageCell.swift */,
				ECBD855E298C48EC003C0A49 /* ProfileView.swift */,
				ECB5D148299526500098FBCA /* MessageCell.swift */,
			);
			path = View;
			sourceTree = "<group>";
		};
		ECFE191B296ED24A0012D1B8 /* Model */ = {
			isa = PBXGroup;
			children = (
				EC3D1AD62985A1470086C686 /* User.swift */,
				ECB8F11229899A840054C40E /* Message.swift */,
			);
			path = Model;
			sourceTree = "<group>";
		};
		ECFE191C296ED2510012D1B8 /* ViewModel */ = {
			isa = PBXGroup;
			children = (
				ECC5F298297D5018003E3C05 /* LoginViewModel.swift */,
				EC3D1AC42981BEC50086C686 /* RegisterViewModel.swift */,
				ECB8F114298A89280054C40E /* NewMessageViewModel.swift */,
				ECB5D14C29957F200098FBCA /* MessageViewModel.swift */,
			);
			path = ViewModel;
			sourceTree = "<group>";
		};
		ECFE191D296ED27B0012D1B8 /* Service */ = {
			isa = PBXGroup;
			children = (
				EC3D1AC62982F5440086C686 /* AuthenticationService.swift */,
				EC3D1AD82985ABA20086C686 /* Service.swift */,
			);
			path = Service;
			sourceTree = "<group>";
		};
		ECFE191E296ED2980012D1B8 /* Utils */ = {
			isa = PBXGroup;
			children = (
				ECFE191F296EDF220012D1B8 /* Extension.swift */,
				EC3D1AC129817E130086C686 /* Alert.swift */,
			);
			path = Utils;
			sourceTree = "<group>";
		};
/* End PBXGroup section */

/* Begin PBXNativeTarget section */
		ECFE1900296ED0700012D1B8 /* ChatsApp */ = {
			isa = PBXNativeTarget;
			buildConfigurationList = ECFE1915296ED0720012D1B8 /* Build configuration list for PBXNativeTarget "ChatsApp" */;
			buildPhases = (
				ECFE18FD296ED0700012D1B8 /* Sources */,
				ECFE18FE296ED0700012D1B8 /* Frameworks */,
				ECFE18FF296ED0700012D1B8 /* Resources */,
			);
			buildRules = (
			);
			dependencies = (
			);
			name = ChatsApp;
			packageProductDependencies = (
				ECBC3942297DB5300074D08C /* FirebaseAuth */,
				ECBC3944297DB5300074D08C /* FirebaseFirestore */,
				ECBC3946297DB5300074D08C /* FirebaseStorage */,
				EC3D1ACB2983D3C10086C686 /* JGProgressHUD */,
				EC3D1ADB2985C7E00086C686 /* SDWebImage */,
				ECB5D14629942F140098FBCA /* SnapKit */,
			);
			productName = ChatsApp;
			productReference = ECFE1901296ED0700012D1B8 /* ChatsApp.app */;
			productType = "com.apple.product-type.application";
		};
/* End PBXNativeTarget section */

/* Begin PBXProject section */
		ECFE18F9296ED0700012D1B8 /* Project object */ = {
			isa = PBXProject;
			attributes = {
				BuildIndependentTargetsInParallel = 1;
				LastSwiftUpdateCheck = 1410;
				LastUpgradeCheck = 1410;
				TargetAttributes = {
					ECFE1900296ED0700012D1B8 = {
						CreatedOnToolsVersion = 14.1;
					};
				};
			};
			buildConfigurationList = ECFE18FC296ED0700012D1B8 /* Build configuration list for PBXProject "ChatsApp" */;
			compatibilityVersion = "Xcode 14.0";
			developmentRegion = en;
			hasScannedForEncodings = 0;
			knownRegions = (
				en,
				Base,
			);
			mainGroup = ECFE18F8296ED0700012D1B8;
			packageReferences = (
				ECBC3941297DB5300074D08C /* XCRemoteSwiftPackageReference "firebase-ios-sdk" */,
				EC3D1ACA2983D3C10086C686 /* XCRemoteSwiftPackageReference "JGProgressHUD" */,
				EC3D1ADA2985C7E00086C686 /* XCRemoteSwiftPackageReference "SDWebImage" */,
				ECB5D14529942F140098FBCA /* XCRemoteSwiftPackageReference "SnapKit" */,
			);
			productRefGroup = ECFE1902296ED0700012D1B8 /* Products */;
			projectDirPath = "";
			projectRoot = "";
			targets = (
				ECFE1900296ED0700012D1B8 /* ChatsApp */,
			);
		};
/* End PBXProject section */

/* Begin PBXResourcesBuildPhase section */
		ECFE18FF296ED0700012D1B8 /* Resources */ = {
			isa = PBXResourcesBuildPhase;
			buildActionMask = 2147483647;
			files = (
				ECFE1911296ED0720012D1B8 /* LaunchScreen.storyboard in Resources */,
				ECFE190E296ED0720012D1B8 /* Assets.xcassets in Resources */,
				ECBC3940297DB2800074D08C /* GoogleService-Info.plist in Resources */,
			);
			runOnlyForDeploymentPostprocessing = 0;
		};
/* End PBXResourcesBuildPhase section */

/* Begin PBXSourcesBuildPhase section */
		ECFE18FD296ED0700012D1B8 /* Sources */ = {
			isa = PBXSourcesBuildPhase;
			buildActionMask = 2147483647;
			files = (
				EC3D1AC229817E130086C686 /* Alert.swift in Sources */,
				EC3D1AE029870FD60086C686 /* ChatInputView.swift in Sources */,
				EC3D1AC52981BEC50086C686 /* RegisterViewModel.swift in Sources */,
				EC3D1ACF298466280086C686 /* ContainerViewController.swift in Sources */,
				ECFE1909296ED0700012D1B8 /* LoginViewController.swift in Sources */,
				ECFE1905296ED0700012D1B8 /* AppDelegate.swift in Sources */,
				EC3D1AD92985ABA20086C686 /* Service.swift in Sources */,
				EC3D1AC72982F5440086C686 /* AuthenticationService.swift in Sources */,
				EC3D1AD1298466690086C686 /* MessageViewController.swift in Sources */,
				EC3D1AD72985A1470086C686 /* User.swift in Sources */,
				ECB5D14D29957F200098FBCA /* MessageViewModel.swift in Sources */,
				EC3D1AD32984669B0086C686 /* NewMessageViewController.swift in Sources */,
				ECB5D149299526500098FBCA /* MessageCell.swift in Sources */,
				EC3D1AD5298512AA0086C686 /* UserCell.swift in Sources */,
				EC3D1ADE2986B6B00086C686 /* ChatViewController.swift in Sources */,
				ECFE1907296ED0700012D1B8 /* SceneDelegate.swift in Sources */,
				ECBC393E297D85310074D08C /* RegisterViewController.swift in Sources */,
				ECC5F297297C33C3003E3C05 /* AuthenticationInputView.swift in Sources */,
				ECBD855F298C48EC003C0A49 /* ProfileView.swift in Sources */,
				ECFE1920296EDF220012D1B8 /* Extension.swift in Sources */,
				ECB8F11329899A840054C40E /* Message.swift in Sources */,
				ECC5F295297C2D7D003E3C05 /* CustomTextField.swift in Sources */,
				ECC5F299297D5018003E3C05 /* LoginViewModel.swift in Sources */,
				EC3D1AC9298313F20086C686 /* HomeViewController.swift in Sources */,
				EC3D1AE229882EAB0086C686 /* NewMessageCell.swift in Sources */,
				ECB8F115298A89280054C40E /* NewMessageViewModel.swift in Sources */,
			);
			runOnlyForDeploymentPostprocessing = 0;
		};
/* End PBXSourcesBuildPhase section */

/* Begin PBXVariantGroup section */
		ECFE190F296ED0720012D1B8 /* LaunchScreen.storyboard */ = {
			isa = PBXVariantGroup;
			children = (
				ECFE1910296ED0720012D1B8 /* Base */,
			);
			name = LaunchScreen.storyboard;
			sourceTree = "<group>";
		};
/* End PBXVariantGroup section */

/* Begin XCBuildConfiguration section */
		ECFE1913296ED0720012D1B8 /* Debug */ = {
			isa = XCBuildConfiguration;
			buildSettings = {
				ALWAYS_SEARCH_USER_PATHS = NO;
				CLANG_ANALYZER_NONNULL = YES;
				CLANG_ANALYZER_NUMBER_OBJECT_CONVERSION = YES_AGGRESSIVE;
				CLANG_CXX_LANGUAGE_STANDARD = "gnu++20";
				CLANG_ENABLE_MODULES = YES;
				CLANG_ENABLE_OBJC_ARC = YES;
				CLANG_ENABLE_OBJC_WEAK = YES;
				CLANG_WARN_BLOCK_CAPTURE_AUTORELEASING = YES;
				CLANG_WARN_BOOL_CONVERSION = YES;
				CLANG_WARN_COMMA = YES;
				CLANG_WARN_CONSTANT_CONVERSION = YES;
				CLANG_WARN_DEPRECATED_OBJC_IMPLEMENTATIONS = YES;
				CLANG_WARN_DIRECT_OBJC_ISA_USAGE = YES_ERROR;
				CLANG_WARN_DOCUMENTATION_COMMENTS = YES;
				CLANG_WARN_EMPTY_BODY = YES;
				CLANG_WARN_ENUM_CONVERSION = YES;
				CLANG_WARN_INFINITE_RECURSION = YES;
				CLANG_WARN_INT_CONVERSION = YES;
				CLANG_WARN_NON_LITERAL_NULL_CONVERSION = YES;
				CLANG_WARN_OBJC_IMPLICIT_RETAIN_SELF = YES;
				CLANG_WARN_OBJC_LITERAL_CONVERSION = YES;
				CLANG_WARN_OBJC_ROOT_CLASS = YES_ERROR;
				CLANG_WARN_QUOTED_INCLUDE_IN_FRAMEWORK_HEADER = YES;
				CLANG_WARN_RANGE_LOOP_ANALYSIS = YES;
				CLANG_WARN_STRICT_PROTOTYPES = YES;
				CLANG_WARN_SUSPICIOUS_MOVE = YES;
				CLANG_WARN_UNGUARDED_AVAILABILITY = YES_AGGRESSIVE;
				CLANG_WARN_UNREACHABLE_CODE = YES;
				CLANG_WARN__DUPLICATE_METHOD_MATCH = YES;
				COPY_PHASE_STRIP = NO;
				DEBUG_INFORMATION_FORMAT = dwarf;
				ENABLE_STRICT_OBJC_MSGSEND = YES;
				ENABLE_TESTABILITY = YES;
				GCC_C_LANGUAGE_STANDARD = gnu11;
				GCC_DYNAMIC_NO_PIC = NO;
				GCC_NO_COMMON_BLOCKS = YES;
				GCC_OPTIMIZATION_LEVEL = 0;
				GCC_PREPROCESSOR_DEFINITIONS = (
					"DEBUG=1",
					"$(inherited)",
				);
				GCC_WARN_64_TO_32_BIT_CONVERSION = YES;
				GCC_WARN_ABOUT_RETURN_TYPE = YES_ERROR;
				GCC_WARN_UNDECLARED_SELECTOR = YES;
				GCC_WARN_UNINITIALIZED_AUTOS = YES_AGGRESSIVE;
				GCC_WARN_UNUSED_FUNCTION = YES;
				GCC_WARN_UNUSED_VARIABLE = YES;
				IPHONEOS_DEPLOYMENT_TARGET = 16.1;
				MTL_ENABLE_DEBUG_INFO = INCLUDE_SOURCE;
				MTL_FAST_MATH = YES;
				ONLY_ACTIVE_ARCH = YES;
				SDKROOT = iphoneos;
				SWIFT_ACTIVE_COMPILATION_CONDITIONS = DEBUG;
				SWIFT_OPTIMIZATION_LEVEL = "-Onone";
			};
			name = Debug;
		};
		ECFE1914296ED0720012D1B8 /* Release */ = {
			isa = XCBuildConfiguration;
			buildSettings = {
				ALWAYS_SEARCH_USER_PATHS = NO;
				CLANG_ANALYZER_NONNULL = YES;
				CLANG_ANALYZER_NUMBER_OBJECT_CONVERSION = YES_AGGRESSIVE;
				CLANG_CXX_LANGUAGE_STANDARD = "gnu++20";
				CLANG_ENABLE_MODULES = YES;
				CLANG_ENABLE_OBJC_ARC = YES;
				CLANG_ENABLE_OBJC_WEAK = YES;
				CLANG_WARN_BLOCK_CAPTURE_AUTORELEASING = YES;
				CLANG_WARN_BOOL_CONVERSION = YES;
				CLANG_WARN_COMMA = YES;
				CLANG_WARN_CONSTANT_CONVERSION = YES;
				CLANG_WARN_DEPRECATED_OBJC_IMPLEMENTATIONS = YES;
				CLANG_WARN_DIRECT_OBJC_ISA_USAGE = YES_ERROR;
				CLANG_WARN_DOCUMENTATION_COMMENTS = YES;
				CLANG_WARN_EMPTY_BODY = YES;
				CLANG_WARN_ENUM_CONVERSION = YES;
				CLANG_WARN_INFINITE_RECURSION = YES;
				CLANG_WARN_INT_CONVERSION = YES;
				CLANG_WARN_NON_LITERAL_NULL_CONVERSION = YES;
				CLANG_WARN_OBJC_IMPLICIT_RETAIN_SELF = YES;
				CLANG_WARN_OBJC_LITERAL_CONVERSION = YES;
				CLANG_WARN_OBJC_ROOT_CLASS = YES_ERROR;
				CLANG_WARN_QUOTED_INCLUDE_IN_FRAMEWORK_HEADER = YES;
				CLANG_WARN_RANGE_LOOP_ANALYSIS = YES;
				CLANG_WARN_STRICT_PROTOTYPES = YES;
				CLANG_WARN_SUSPICIOUS_MOVE = YES;
				CLANG_WARN_UNGUARDED_AVAILABILITY = YES_AGGRESSIVE;
				CLANG_WARN_UNREACHABLE_CODE = YES;
				CLANG_WARN__DUPLICATE_METHOD_MATCH = YES;
				COPY_PHASE_STRIP = NO;
				DEBUG_INFORMATION_FORMAT = "dwarf-with-dsym";
				ENABLE_NS_ASSERTIONS = NO;
				ENABLE_STRICT_OBJC_MSGSEND = YES;
				GCC_C_LANGUAGE_STANDARD = gnu11;
				GCC_NO_COMMON_BLOCKS = YES;
				GCC_WARN_64_TO_32_BIT_CONVERSION = YES;
				GCC_WARN_ABOUT_RETURN_TYPE = YES_ERROR;
				GCC_WARN_UNDECLARED_SELECTOR = YES;
				GCC_WARN_UNINITIALIZED_AUTOS = YES_AGGRESSIVE;
				GCC_WARN_UNUSED_FUNCTION = YES;
				GCC_WARN_UNUSED_VARIABLE = YES;
				IPHONEOS_DEPLOYMENT_TARGET = 16.1;
				MTL_ENABLE_DEBUG_INFO = NO;
				MTL_FAST_MATH = YES;
				SDKROOT = iphoneos;
				SWIFT_COMPILATION_MODE = wholemodule;
				SWIFT_OPTIMIZATION_LEVEL = "-O";
				VALIDATE_PRODUCT = YES;
			};
			name = Release;
		};
		ECFE1916296ED0720012D1B8 /* Debug */ = {
			isa = XCBuildConfiguration;
			buildSettings = {
				ASSETCATALOG_COMPILER_APPICON_NAME = AppIcon;
				ASSETCATALOG_COMPILER_GLOBAL_ACCENT_COLOR_NAME = AccentColor;
				CODE_SIGN_STYLE = Automatic;
				CURRENT_PROJECT_VERSION = 1;
				DEVELOPMENT_TEAM = 3KRQW7JR73;
				GENERATE_INFOPLIST_FILE = YES;
				INFOPLIST_FILE = ChatsApp/SupportingFiles/Info.plist;
				INFOPLIST_KEY_UIApplicationSupportsIndirectInputEvents = YES;
				INFOPLIST_KEY_UILaunchStoryboardName = LaunchScreen;
				INFOPLIST_KEY_UISupportedInterfaceOrientations_iPad = "UIInterfaceOrientationPortrait UIInterfaceOrientationPortraitUpsideDown UIInterfaceOrientationLandscapeLeft UIInterfaceOrientationLandscapeRight";
				INFOPLIST_KEY_UISupportedInterfaceOrientations_iPhone = "UIInterfaceOrientationPortrait UIInterfaceOrientationLandscapeLeft UIInterfaceOrientationLandscapeRight";
				LD_RUNPATH_SEARCH_PATHS = (
					"$(inherited)",
					"@executable_path/Frameworks",
				);
				MARKETING_VERSION = 1.0;
				PRODUCT_BUNDLE_IDENTIFIER = enes.ChatsApp;
				PRODUCT_NAME = "$(TARGET_NAME)";
				SWIFT_EMIT_LOC_STRINGS = YES;
				SWIFT_VERSION = 5.0;
				TARGETED_DEVICE_FAMILY = "1,2";
			};
			name = Debug;
		};
		ECFE1917296ED0720012D1B8 /* Release */ = {
			isa = XCBuildConfiguration;
			buildSettings = {
				ASSETCATALOG_COMPILER_APPICON_NAME = AppIcon;
				ASSETCATALOG_COMPILER_GLOBAL_ACCENT_COLOR_NAME = AccentColor;
				CODE_SIGN_STYLE = Automatic;
				CURRENT_PROJECT_VERSION = 1;
				DEVELOPMENT_TEAM = 3KRQW7JR73;
				GENERATE_INFOPLIST_FILE = YES;
				INFOPLIST_FILE = ChatsApp/SupportingFiles/Info.plist;
				INFOPLIST_KEY_UIApplicationSupportsIndirectInputEvents = YES;
				INFOPLIST_KEY_UILaunchStoryboardName = LaunchScreen;
				INFOPLIST_KEY_UISupportedInterfaceOrientations_iPad = "UIInterfaceOrientationPortrait UIInterfaceOrientationPortraitUpsideDown UIInterfaceOrientationLandscapeLeft UIInterfaceOrientationLandscapeRight";
				INFOPLIST_KEY_UISupportedInterfaceOrientations_iPhone = "UIInterfaceOrientationPortrait UIInterfaceOrientationLandscapeLeft UIInterfaceOrientationLandscapeRight";
				LD_RUNPATH_SEARCH_PATHS = (
					"$(inherited)",
					"@executable_path/Frameworks",
				);
				MARKETING_VERSION = 1.0;
				PRODUCT_BUNDLE_IDENTIFIER = enes.ChatsApp;
				PRODUCT_NAME = "$(TARGET_NAME)";
				SWIFT_EMIT_LOC_STRINGS = YES;
				SWIFT_VERSION = 5.0;
				TARGETED_DEVICE_FAMILY = "1,2";
			};
			name = Release;
		};
/* End XCBuildConfiguration section */

/* Begin XCConfigurationList section */
		ECFE18FC296ED0700012D1B8 /* Build configuration list for PBXProject "ChatsApp" */ = {
			isa = XCConfigurationList;
			buildConfigurations = (
				ECFE1913296ED0720012D1B8 /* Debug */,
				ECFE1914296ED0720012D1B8 /* Release */,
			);
			defaultConfigurationIsVisible = 0;
			defaultConfigurationName = Release;
		};
		ECFE1915296ED0720012D1B8 /* Build configuration list for PBXNativeTarget "ChatsApp" */ = {
			isa = XCConfigurationList;
			buildConfigurations = (
				ECFE1916296ED0720012D1B8 /* Debug */,
				ECFE1917296ED0720012D1B8 /* Release */,
			);
			defaultConfigurationIsVisible = 0;
			defaultConfigurationName = Release;
		};
/* End XCConfigurationList section */

/* Begin XCRemoteSwiftPackageReference section */
		EC3D1ACA2983D3C10086C686 /* XCRemoteSwiftPackageReference "JGProgressHUD" */ = {
			isa = XCRemoteSwiftPackageReference;
			repositoryURL = "https://github.com/JonasGessner/JGProgressHUD.git";
			requirement = {
				kind = upToNextMajorVersion;
				minimumVersion = 2.0.0;
			};
		};
		EC3D1ADA2985C7E00086C686 /* XCRemoteSwiftPackageReference "SDWebImage" */ = {
			isa = XCRemoteSwiftPackageReference;
			repositoryURL = "https://github.com/SDWebImage/SDWebImage.git";
			requirement = {
				kind = upToNextMajorVersion;
				minimumVersion = 5.0.0;
			};
		};
		ECB5D14529942F140098FBCA /* XCRemoteSwiftPackageReference "SnapKit" */ = {
			isa = XCRemoteSwiftPackageReference;
			repositoryURL = "https://github.com/SnapKit/SnapKit.git";
			requirement = {
				kind = upToNextMajorVersion;
				minimumVersion = 5.0.0;
			};
		};
		ECBC3941297DB5300074D08C /* XCRemoteSwiftPackageReference "firebase-ios-sdk" */ = {
			isa = XCRemoteSwiftPackageReference;
			repositoryURL = "https://github.com/firebase/firebase-ios-sdk";
			requirement = {
				kind = upToNextMajorVersion;
				minimumVersion = 9.0.0;
			};
		};
/* End XCRemoteSwiftPackageReference section */

/* Begin XCSwiftPackageProductDependency section */
		EC3D1ACB2983D3C10086C686 /* JGProgressHUD */ = {
			isa = XCSwiftPackageProductDependency;
			package = EC3D1ACA2983D3C10086C686 /* XCRemoteSwiftPackageReference "JGProgressHUD" */;
			productName = JGProgressHUD;
		};
		EC3D1ADB2985C7E00086C686 /* SDWebImage */ = {
			isa = XCSwiftPackageProductDependency;
			package = EC3D1ADA2985C7E00086C686 /* XCRemoteSwiftPackageReference "SDWebImage" */;
			productName = SDWebImage;
		};
		ECB5D14629942F140098FBCA /* SnapKit */ = {
			isa = XCSwiftPackageProductDependency;
			package = ECB5D14529942F140098FBCA /* XCRemoteSwiftPackageReference "SnapKit" */;
			productName = SnapKit;
		};
		ECBC3942297DB5300074D08C /* FirebaseAuth */ = {
			isa = XCSwiftPackageProductDependency;
			package = ECBC3941297DB5300074D08C /* XCRemoteSwiftPackageReference "firebase-ios-sdk" */;
			productName = FirebaseAuth;
		};
		ECBC3944297DB5300074D08C /* FirebaseFirestore */ = {
			isa = XCSwiftPackageProductDependency;
			package = ECBC3941297DB5300074D08C /* XCRemoteSwiftPackageReference "firebase-ios-sdk" */;
			productName = FirebaseFirestore;
		};
		ECBC3946297DB5300074D08C /* FirebaseStorage */ = {
			isa = XCSwiftPackageProductDependency;
			package = ECBC3941297DB5300074D08C /* XCRemoteSwiftPackageReference "firebase-ios-sdk" */;
			productName = FirebaseStorage;
		};
/* End XCSwiftPackageProductDependency section */
	};
	rootObject = ECFE18F9296ED0700012D1B8 /* Project object */;
}
